// !$*UTF8*$!
{
	archiveVersion = 1;
	classes = {
	};
	objectVersion = 50;
	objects = {

/* Begin PBXBuildFile section */
		1DA6108125D6AF7C00D9FB66 /* AppDelegate.swift in Sources */ = {isa = PBXBuildFile; fileRef = 1DA6108025D6AF7C00D9FB66 /* AppDelegate.swift */; };
		1DA6108325D6AF7C00D9FB66 /* SceneDelegate.swift in Sources */ = {isa = PBXBuildFile; fileRef = 1DA6108225D6AF7C00D9FB66 /* SceneDelegate.swift */; };
		1DA6108825D6AF7C00D9FB66 /* Main.storyboard in Resources */ = {isa = PBXBuildFile; fileRef = 1DA6108625D6AF7C00D9FB66 /* Main.storyboard */; };
		1DA6108A25D6AF7E00D9FB66 /* Assets.xcassets in Resources */ = {isa = PBXBuildFile; fileRef = 1DA6108925D6AF7E00D9FB66 /* Assets.xcassets */; };
		1DA6108D25D6AF7E00D9FB66 /* LaunchScreen.storyboard in Resources */ = {isa = PBXBuildFile; fileRef = 1DA6108B25D6AF7E00D9FB66 /* LaunchScreen.storyboard */; };
		1DA6109725D6B13600D9FB66 /* EmojiTableViewController.swift in Sources */ = {isa = PBXBuildFile; fileRef = 1DA6109625D6B13600D9FB66 /* EmojiTableViewController.swift */; };
		1DA610A125D7C82C00D9FB66 /* EmojiDefinitionViewController.swift in Sources */ = {isa = PBXBuildFile; fileRef = 1DA610A025D7C82C00D9FB66 /* EmojiDefinitionViewController.swift */; };
		1DA610A525D92DB900D9FB66 /* Emoji.swift in Sources */ = {isa = PBXBuildFile; fileRef = 1DA610A425D92DB900D9FB66 /* Emoji.swift */; };
		1DC4A2C125E39FA700B4F664 /* WidgetKit.framework in Frameworks */ = {isa = PBXBuildFile; fileRef = 1DC4A2C025E39FA700B4F664 /* WidgetKit.framework */; };
		1DC4A2C325E39FA700B4F664 /* SwiftUI.framework in Frameworks */ = {isa = PBXBuildFile; fileRef = 1DC4A2C225E39FA700B4F664 /* SwiftUI.framework */; };
		1DC4A2C625E39FA700B4F664 /* EmojiWidget.swift in Sources */ = {isa = PBXBuildFile; fileRef = 1DC4A2C525E39FA700B4F664 /* EmojiWidget.swift */; };
		1DC4A2C825E39FA900B4F664 /* Assets.xcassets in Resources */ = {isa = PBXBuildFile; fileRef = 1DC4A2C725E39FA900B4F664 /* Assets.xcassets */; };
		1DC4A2CC25E39FA900B4F664 /* EmojiWidgetExtension.appex in Embed App Extensions */ = {isa = PBXBuildFile; fileRef = 1DC4A2BE25E39FA700B4F664 /* EmojiWidgetExtension.appex */; settings = {ATTRIBUTES = (RemoveHeadersOnCopy, ); }; };
		1DC4A2D325E3AA0300B4F664 /* Emoji.swift in Sources */ = {isa = PBXBuildFile; fileRef = 1DA610A425D92DB900D9FB66 /* Emoji.swift */; };
		1DE7564C25E4E1D0007F853A /* AppDelegate.swift in Sources */ = {isa = PBXBuildFile; fileRef = 1DE7564B25E4E1D0007F853A /* AppDelegate.swift */; };
		1DE7564E25E4E1D0007F853A /* SceneDelegate.swift in Sources */ = {isa = PBXBuildFile; fileRef = 1DE7564D25E4E1D0007F853A /* SceneDelegate.swift */; };
		1DE7565025E4E1D0007F853A /* ViewController.swift in Sources */ = {isa = PBXBuildFile; fileRef = 1DE7564F25E4E1D0007F853A /* ViewController.swift */; };
		1DE7565325E4E1D0007F853A /* Main_clip.storyboard in Resources */ = {isa = PBXBuildFile; fileRef = 1DE7565125E4E1D0007F853A /* Main_clip.storyboard */; };
		1DE7565525E4E1D3007F853A /* Assets.xcassets in Resources */ = {isa = PBXBuildFile; fileRef = 1DE7565425E4E1D3007F853A /* Assets.xcassets */; };
		1DE7565825E4E1D3007F853A /* LaunchScreen.storyboard in Resources */ = {isa = PBXBuildFile; fileRef = 1DE7565625E4E1D3007F853A /* LaunchScreen.storyboard */; };
		1DE7565D25E4E1D3007F853A /* EmojiClip.app in Embed App Clips */ = {isa = PBXBuildFile; fileRef = 1DE7564925E4E1D0007F853A /* EmojiClip.app */; settings = {ATTRIBUTES = (RemoveHeadersOnCopy, ); }; };
		1DE7566525E4E353007F853A /* Main.storyboard in Resources */ = {isa = PBXBuildFile; fileRef = 1DA6108625D6AF7C00D9FB66 /* Main.storyboard */; };
		1DE7566C25E4E41C007F853A /* EmojiDefinitionViewController.swift in Sources */ = {isa = PBXBuildFile; fileRef = 1DA610A025D7C82C00D9FB66 /* EmojiDefinitionViewController.swift */; };
		1DE7566D25E4E41C007F853A /* Emoji.swift in Sources */ = {isa = PBXBuildFile; fileRef = 1DA610A425D92DB900D9FB66 /* Emoji.swift */; };
		1DE7566E25E4E41C007F853A /* EmojiTableViewController.swift in Sources */ = {isa = PBXBuildFile; fileRef = 1DA6109625D6B13600D9FB66 /* EmojiTableViewController.swift */; };
/* End PBXBuildFile section */

/* Begin PBXContainerItemProxy section */
		1DC4A2CA25E39FA900B4F664 /* PBXContainerItemProxy */ = {
			isa = PBXContainerItemProxy;
			containerPortal = 1DA6107525D6AF7C00D9FB66 /* Project object */;
			proxyType = 1;
			remoteGlobalIDString = 1DC4A2BD25E39FA700B4F664;
			remoteInfo = EmojiWidgetExtension;
		};
		1DE7565B25E4E1D3007F853A /* PBXContainerItemProxy */ = {
			isa = PBXContainerItemProxy;
			containerPortal = 1DA6107525D6AF7C00D9FB66 /* Project object */;
			proxyType = 1;
			remoteGlobalIDString = 1DE7564825E4E1D0007F853A;
			remoteInfo = EmojiClip;
		};
/* End PBXContainerItemProxy section */

/* Begin PBXCopyFilesBuildPhase section */
		1DC4A2CD25E39FA900B4F664 /* Embed App Extensions */ = {
			isa = PBXCopyFilesBuildPhase;
			buildActionMask = 2147483647;
			dstPath = "";
			dstSubfolderSpec = 13;
			files = (
				1DC4A2CC25E39FA900B4F664 /* EmojiWidgetExtension.appex in Embed App Extensions */,
			);
			name = "Embed App Extensions";
			runOnlyForDeploymentPostprocessing = 0;
		};
		1DE7565E25E4E1D3007F853A /* Embed App Clips */ = {
			isa = PBXCopyFilesBuildPhase;
			buildActionMask = 2147483647;
			dstPath = "$(CONTENTS_FOLDER_PATH)/AppClips";
			dstSubfolderSpec = 16;
			files = (
				1DE7565D25E4E1D3007F853A /* EmojiClip.app in Embed App Clips */,
			);
			name = "Embed App Clips";
			runOnlyForDeploymentPostprocessing = 0;
		};
/* End PBXCopyFilesBuildPhase section */

/* Begin PBXFileReference section */
		1DA6107D25D6AF7C00D9FB66 /* Emojy Dictionary.app */ = {isa = PBXFileReference; explicitFileType = wrapper.application; includeInIndex = 0; path = "Emojy Dictionary.app"; sourceTree = BUILT_PRODUCTS_DIR; };
		1DA6108025D6AF7C00D9FB66 /* AppDelegate.swift */ = {isa = PBXFileReference; lastKnownFileType = sourcecode.swift; path = AppDelegate.swift; sourceTree = "<group>"; };
		1DA6108225D6AF7C00D9FB66 /* SceneDelegate.swift */ = {isa = PBXFileReference; lastKnownFileType = sourcecode.swift; path = SceneDelegate.swift; sourceTree = "<group>"; };
		1DA6108725D6AF7C00D9FB66 /* Base */ = {isa = PBXFileReference; lastKnownFileType = file.storyboard; name = Base; path = Base.lproj/Main.storyboard; sourceTree = "<group>"; };
		1DA6108925D6AF7E00D9FB66 /* Assets.xcassets */ = {isa = PBXFileReference; lastKnownFileType = folder.assetcatalog; path = Assets.xcassets; sourceTree = "<group>"; };
		1DA6108C25D6AF7E00D9FB66 /* Base */ = {isa = PBXFileReference; lastKnownFileType = file.storyboard; name = Base; path = Base.lproj/LaunchScreen.storyboard; sourceTree = "<group>"; };
		1DA6108E25D6AF7E00D9FB66 /* Info.plist */ = {isa = PBXFileReference; lastKnownFileType = text.plist.xml; path = Info.plist; sourceTree = "<group>"; };
		1DA6109625D6B13600D9FB66 /* EmojiTableViewController.swift */ = {isa = PBXFileReference; lastKnownFileType = sourcecode.swift; path = EmojiTableViewController.swift; sourceTree = "<group>"; };
		1DA610A025D7C82C00D9FB66 /* EmojiDefinitionViewController.swift */ = {isa = PBXFileReference; lastKnownFileType = sourcecode.swift; path = EmojiDefinitionViewController.swift; sourceTree = "<group>"; };
		1DA610A425D92DB900D9FB66 /* Emoji.swift */ = {isa = PBXFileReference; lastKnownFileType = sourcecode.swift; path = Emoji.swift; sourceTree = "<group>"; };
		1DC4A2BE25E39FA700B4F664 /* EmojiWidgetExtension.appex */ = {isa = PBXFileReference; explicitFileType = "wrapper.app-extension"; includeInIndex = 0; path = EmojiWidgetExtension.appex; sourceTree = BUILT_PRODUCTS_DIR; };
		1DC4A2C025E39FA700B4F664 /* WidgetKit.framework */ = {isa = PBXFileReference; lastKnownFileType = wrapper.framework; name = WidgetKit.framework; path = System/Library/Frameworks/WidgetKit.framework; sourceTree = SDKROOT; };
		1DC4A2C225E39FA700B4F664 /* SwiftUI.framework */ = {isa = PBXFileReference; lastKnownFileType = wrapper.framework; name = SwiftUI.framework; path = System/Library/Frameworks/SwiftUI.framework; sourceTree = SDKROOT; };
		1DC4A2C525E39FA700B4F664 /* EmojiWidget.swift */ = {isa = PBXFileReference; lastKnownFileType = sourcecode.swift; path = EmojiWidget.swift; sourceTree = "<group>"; };
		1DC4A2C725E39FA900B4F664 /* Assets.xcassets */ = {isa = PBXFileReference; lastKnownFileType = folder.assetcatalog; path = Assets.xcassets; sourceTree = "<group>"; };
		1DC4A2C925E39FA900B4F664 /* Info.plist */ = {isa = PBXFileReference; lastKnownFileType = text.plist.xml; path = Info.plist; sourceTree = "<group>"; };
		1DE7564925E4E1D0007F853A /* EmojiClip.app */ = {isa = PBXFileReference; explicitFileType = wrapper.application; includeInIndex = 0; path = EmojiClip.app; sourceTree = BUILT_PRODUCTS_DIR; };
		1DE7564B25E4E1D0007F853A /* AppDelegate.swift */ = {isa = PBXFileReference; lastKnownFileType = sourcecode.swift; path = AppDelegate.swift; sourceTree = "<group>"; };
		1DE7564D25E4E1D0007F853A /* SceneDelegate.swift */ = {isa = PBXFileReference; lastKnownFileType = sourcecode.swift; path = SceneDelegate.swift; sourceTree = "<group>"; };
		1DE7564F25E4E1D0007F853A /* ViewController.swift */ = {isa = PBXFileReference; lastKnownFileType = sourcecode.swift; path = ViewController.swift; sourceTree = "<group>"; };
		1DE7565225E4E1D0007F853A /* Base */ = {isa = PBXFileReference; lastKnownFileType = file.storyboard; name = Base; path = Base.lproj/Main_clip.storyboard; sourceTree = "<group>"; };
		1DE7565425E4E1D3007F853A /* Assets.xcassets */ = {isa = PBXFileReference; lastKnownFileType = folder.assetcatalog; path = Assets.xcassets; sourceTree = "<group>"; };
		1DE7565725E4E1D3007F853A /* Base */ = {isa = PBXFileReference; lastKnownFileType = file.storyboard; name = Base; path = Base.lproj/LaunchScreen.storyboard; sourceTree = "<group>"; };
		1DE7565925E4E1D3007F853A /* Info.plist */ = {isa = PBXFileReference; lastKnownFileType = text.plist.xml; path = Info.plist; sourceTree = "<group>"; };
		1DE7565A25E4E1D3007F853A /* EmojiClip.entitlements */ = {isa = PBXFileReference; lastKnownFileType = text.plist.entitlements; path = EmojiClip.entitlements; sourceTree = "<group>"; };
/* End PBXFileReference section */

/* Begin PBXFrameworksBuildPhase section */
		1DA6107A25D6AF7C00D9FB66 /* Frameworks */ = {
			isa = PBXFrameworksBuildPhase;
			buildActionMask = 2147483647;
			files = (
			);
			runOnlyForDeploymentPostprocessing = 0;
		};
		1DC4A2BB25E39FA700B4F664 /* Frameworks */ = {
			isa = PBXFrameworksBuildPhase;
			buildActionMask = 2147483647;
			files = (
				1DC4A2C325E39FA700B4F664 /* SwiftUI.framework in Frameworks */,
				1DC4A2C125E39FA700B4F664 /* WidgetKit.framework in Frameworks */,
			);
			runOnlyForDeploymentPostprocessing = 0;
		};
		1DE7564625E4E1D0007F853A /* Frameworks */ = {
			isa = PBXFrameworksBuildPhase;
			buildActionMask = 2147483647;
			files = (
			);
			runOnlyForDeploymentPostprocessing = 0;
		};
/* End PBXFrameworksBuildPhase section */

/* Begin PBXGroup section */
		1DA6107425D6AF7C00D9FB66 = {
			isa = PBXGroup;
			children = (
				1DA6107F25D6AF7C00D9FB66 /* Emojy Dictionary */,
				1DC4A2C425E39FA700B4F664 /* EmojiWidget */,
				1DE7564A25E4E1D0007F853A /* EmojiClip */,
				1DC4A2BF25E39FA700B4F664 /* Frameworks */,
				1DA6107E25D6AF7C00D9FB66 /* Products */,
			);
			sourceTree = "<group>";
		};
		1DA6107E25D6AF7C00D9FB66 /* Products */ = {
			isa = PBXGroup;
			children = (
				1DA6107D25D6AF7C00D9FB66 /* Emojy Dictionary.app */,
				1DC4A2BE25E39FA700B4F664 /* EmojiWidgetExtension.appex */,
				1DE7564925E4E1D0007F853A /* EmojiClip.app */,
			);
			name = Products;
			sourceTree = "<group>";
		};
		1DA6107F25D6AF7C00D9FB66 /* Emojy Dictionary */ = {
			isa = PBXGroup;
			children = (
				1DA6108025D6AF7C00D9FB66 /* AppDelegate.swift */,
				1DA6108225D6AF7C00D9FB66 /* SceneDelegate.swift */,
				1DA6109625D6B13600D9FB66 /* EmojiTableViewController.swift */,
				1DA610A025D7C82C00D9FB66 /* EmojiDefinitionViewController.swift */,
				1DA610A425D92DB900D9FB66 /* Emoji.swift */,
				1DA6108625D6AF7C00D9FB66 /* Main.storyboard */,
				1DA6108925D6AF7E00D9FB66 /* Assets.xcassets */,
				1DA6108B25D6AF7E00D9FB66 /* LaunchScreen.storyboard */,
				1DA6108E25D6AF7E00D9FB66 /* Info.plist */,
			);
			path = "Emojy Dictionary";
			sourceTree = "<group>";
		};
		1DC4A2BF25E39FA700B4F664 /* Frameworks */ = {
			isa = PBXGroup;
			children = (
				1DC4A2C025E39FA700B4F664 /* WidgetKit.framework */,
				1DC4A2C225E39FA700B4F664 /* SwiftUI.framework */,
			);
			name = Frameworks;
			sourceTree = "<group>";
		};
		1DC4A2C425E39FA700B4F664 /* EmojiWidget */ = {
			isa = PBXGroup;
			children = (
				1DC4A2C525E39FA700B4F664 /* EmojiWidget.swift */,
				1DC4A2C725E39FA900B4F664 /* Assets.xcassets */,
				1DC4A2C925E39FA900B4F664 /* Info.plist */,
			);
			path = EmojiWidget;
			sourceTree = "<group>";
		};
		1DE7564A25E4E1D0007F853A /* EmojiClip */ = {
			isa = PBXGroup;
			children = (
				1DE7564B25E4E1D0007F853A /* AppDelegate.swift */,
				1DE7564D25E4E1D0007F853A /* SceneDelegate.swift */,
				1DE7564F25E4E1D0007F853A /* ViewController.swift */,
				1DE7565125E4E1D0007F853A /* Main_clip.storyboard */,
				1DE7565425E4E1D3007F853A /* Assets.xcassets */,
				1DE7565625E4E1D3007F853A /* LaunchScreen.storyboard */,
				1DE7565925E4E1D3007F853A /* Info.plist */,
				1DE7565A25E4E1D3007F853A /* EmojiClip.entitlements */,
			);
			path = EmojiClip;
			sourceTree = "<group>";
		};
/* End PBXGroup section */

/* Begin PBXNativeTarget section */
		1DA6107C25D6AF7C00D9FB66 /* Emojy Dictionary */ = {
			isa = PBXNativeTarget;
			buildConfigurationList = 1DA6109125D6AF7E00D9FB66 /* Build configuration list for PBXNativeTarget "Emojy Dictionary" */;
			buildPhases = (
				1DA6107925D6AF7C00D9FB66 /* Sources */,
				1DA6107A25D6AF7C00D9FB66 /* Frameworks */,
				1DA6107B25D6AF7C00D9FB66 /* Resources */,
				1DC4A2CD25E39FA900B4F664 /* Embed App Extensions */,
				1DE7565E25E4E1D3007F853A /* Embed App Clips */,
			);
			buildRules = (
			);
			dependencies = (
				1DC4A2CB25E39FA900B4F664 /* PBXTargetDependency */,
				1DE7565C25E4E1D3007F853A /* PBXTargetDependency */,
			);
			name = "Emojy Dictionary";
			productName = "Emojy Dictionary";
			productReference = 1DA6107D25D6AF7C00D9FB66 /* Emojy Dictionary.app */;
			productType = "com.apple.product-type.application";
		};
		1DC4A2BD25E39FA700B4F664 /* EmojiWidgetExtension */ = {
			isa = PBXNativeTarget;
			buildConfigurationList = 1DC4A2D025E39FA900B4F664 /* Build configuration list for PBXNativeTarget "EmojiWidgetExtension" */;
			buildPhases = (
				1DC4A2BA25E39FA700B4F664 /* Sources */,
				1DC4A2BB25E39FA700B4F664 /* Frameworks */,
				1DC4A2BC25E39FA700B4F664 /* Resources */,
			);
			buildRules = (
			);
			dependencies = (
			);
			name = EmojiWidgetExtension;
			productName = EmojiWidgetExtension;
			productReference = 1DC4A2BE25E39FA700B4F664 /* EmojiWidgetExtension.appex */;
			productType = "com.apple.product-type.app-extension";
		};
		1DE7564825E4E1D0007F853A /* EmojiClip */ = {
			isa = PBXNativeTarget;
			buildConfigurationList = 1DE7566125E4E1D3007F853A /* Build configuration list for PBXNativeTarget "EmojiClip" */;
			buildPhases = (
				1DE7564525E4E1D0007F853A /* Sources */,
				1DE7564625E4E1D0007F853A /* Frameworks */,
				1DE7564725E4E1D0007F853A /* Resources */,
			);
			buildRules = (
			);
			dependencies = (
			);
			name = EmojiClip;
			productName = EmojiClip;
			productReference = 1DE7564925E4E1D0007F853A /* EmojiClip.app */;
			productType = "com.apple.product-type.application.on-demand-install-capable";
		};
/* End PBXNativeTarget section */

/* Begin PBXProject section */
		1DA6107525D6AF7C00D9FB66 /* Project object */ = {
			isa = PBXProject;
			attributes = {
				LastSwiftUpdateCheck = 1240;
				LastUpgradeCheck = 1240;
				TargetAttributes = {
					1DA6107C25D6AF7C00D9FB66 = {
						CreatedOnToolsVersion = 12.4;
					};
					1DC4A2BD25E39FA700B4F664 = {
						CreatedOnToolsVersion = 12.4;
					};
					1DE7564825E4E1D0007F853A = {
						CreatedOnToolsVersion = 12.4;
					};
				};
			};
			buildConfigurationList = 1DA6107825D6AF7C00D9FB66 /* Build configuration list for PBXProject "Emojy Dictionary" */;
			compatibilityVersion = "Xcode 9.3";
			developmentRegion = en;
			hasScannedForEncodings = 0;
			knownRegions = (
				en,
				Base,
			);
			mainGroup = 1DA6107425D6AF7C00D9FB66;
			productRefGroup = 1DA6107E25D6AF7C00D9FB66 /* Products */;
			projectDirPath = "";
			projectRoot = "";
			targets = (
				1DA6107C25D6AF7C00D9FB66 /* Emojy Dictionary */,
				1DC4A2BD25E39FA700B4F664 /* EmojiWidgetExtension */,
				1DE7564825E4E1D0007F853A /* EmojiClip */,
			);
		};
/* End PBXProject section */

/* Begin PBXResourcesBuildPhase section */
		1DA6107B25D6AF7C00D9FB66 /* Resources */ = {
			isa = PBXResourcesBuildPhase;
			buildActionMask = 2147483647;
			files = (
				1DA6108D25D6AF7E00D9FB66 /* LaunchScreen.storyboard in Resources */,
				1DA6108A25D6AF7E00D9FB66 /* Assets.xcassets in Resources */,
				1DA6108825D6AF7C00D9FB66 /* Main.storyboard in Resources */,
			);
			runOnlyForDeploymentPostprocessing = 0;
		};
		1DC4A2BC25E39FA700B4F664 /* Resources */ = {
			isa = PBXResourcesBuildPhase;
			buildActionMask = 2147483647;
			files = (
				1DC4A2C825E39FA900B4F664 /* Assets.xcassets in Resources */,
			);
			runOnlyForDeploymentPostprocessing = 0;
		};
		1DE7564725E4E1D0007F853A /* Resources */ = {
			isa = PBXResourcesBuildPhase;
			buildActionMask = 2147483647;
			files = (
				1DE7565825E4E1D3007F853A /* LaunchScreen.storyboard in Resources */,
				1DE7565525E4E1D3007F853A /* Assets.xcassets in Resources */,
				1DE7565325E4E1D0007F853A /* Main_clip.storyboard in Resources */,
				1DE7566525E4E353007F853A /* Main.storyboard in Resources */,
			);
			runOnlyForDeploymentPostprocessing = 0;
		};
/* End PBXResourcesBuildPhase section */

/* Begin PBXSourcesBuildPhase section */
		1DA6107925D6AF7C00D9FB66 /* Sources */ = {
			isa = PBXSourcesBuildPhase;
			buildActionMask = 2147483647;
			files = (
				1DA610A525D92DB900D9FB66 /* Emoji.swift in Sources */,
				1DA6108125D6AF7C00D9FB66 /* AppDelegate.swift in Sources */,
				1DA6108325D6AF7C00D9FB66 /* SceneDelegate.swift in Sources */,
				1DA610A125D7C82C00D9FB66 /* EmojiDefinitionViewController.swift in Sources */,
				1DA6109725D6B13600D9FB66 /* EmojiTableViewController.swift in Sources */,
			);
			runOnlyForDeploymentPostprocessing = 0;
		};
		1DC4A2BA25E39FA700B4F664 /* Sources */ = {
			isa = PBXSourcesBuildPhase;
			buildActionMask = 2147483647;
			files = (
				1DC4A2D325E3AA0300B4F664 /* Emoji.swift in Sources */,
				1DC4A2C625E39FA700B4F664 /* EmojiWidget.swift in Sources */,
			);
			runOnlyForDeploymentPostprocessing = 0;
		};
		1DE7564525E4E1D0007F853A /* Sources */ = {
			isa = PBXSourcesBuildPhase;
			buildActionMask = 2147483647;
			files = (
				1DE7566D25E4E41C007F853A /* Emoji.swift in Sources */,
				1DE7565025E4E1D0007F853A /* ViewController.swift in Sources */,
				1DE7564C25E4E1D0007F853A /* AppDelegate.swift in Sources */,
				1DE7566C25E4E41C007F853A /* EmojiDefinitionViewController.swift in Sources */,
				1DE7566E25E4E41C007F853A /* EmojiTableViewController.swift in Sources */,
				1DE7564E25E4E1D0007F853A /* SceneDelegate.swift in Sources */,
			);
			runOnlyForDeploymentPostprocessing = 0;
		};
/* End PBXSourcesBuildPhase section */

/* Begin PBXTargetDependency section */
		1DC4A2CB25E39FA900B4F664 /* PBXTargetDependency */ = {
			isa = PBXTargetDependency;
			target = 1DC4A2BD25E39FA700B4F664 /* EmojiWidgetExtension */;
			targetProxy = 1DC4A2CA25E39FA900B4F664 /* PBXContainerItemProxy */;
		};
		1DE7565C25E4E1D3007F853A /* PBXTargetDependency */ = {
			isa = PBXTargetDependency;
			target = 1DE7564825E4E1D0007F853A /* EmojiClip */;
			targetProxy = 1DE7565B25E4E1D3007F853A /* PBXContainerItemProxy */;
		};
/* End PBXTargetDependency section */

/* Begin PBXVariantGroup section */
		1DA6108625D6AF7C00D9FB66 /* Main.storyboard */ = {
			isa = PBXVariantGroup;
			children = (
				1DA6108725D6AF7C00D9FB66 /* Base */,
			);
			name = Main.storyboard;
			sourceTree = "<group>";
		};
		1DA6108B25D6AF7E00D9FB66 /* LaunchScreen.storyboard */ = {
			isa = PBXVariantGroup;
			children = (
				1DA6108C25D6AF7E00D9FB66 /* Base */,
			);
			name = LaunchScreen.storyboard;
			sourceTree = "<group>";
		};
		1DE7565125E4E1D0007F853A /* Main_clip.storyboard */ = {
			isa = PBXVariantGroup;
			children = (
				1DE7565225E4E1D0007F853A /* Base */,
			);
			name = Main_clip.storyboard;
			sourceTree = "<group>";
		};
		1DE7565625E4E1D3007F853A /* LaunchScreen.storyboard */ = {
			isa = PBXVariantGroup;
			children = (
				1DE7565725E4E1D3007F853A /* Base */,
			);
			name = LaunchScreen.storyboard;
			sourceTree = "<group>";
		};
/* End PBXVariantGroup section */

/* Begin XCBuildConfiguration section */
		1DA6108F25D6AF7E00D9FB66 /* Debug */ = {
			isa = XCBuildConfiguration;
			buildSettings = {
				ALWAYS_SEARCH_USER_PATHS = NO;
				CLANG_ANALYZER_NONNULL = YES;
				CLANG_ANALYZER_NUMBER_OBJECT_CONVERSION = YES_AGGRESSIVE;
				CLANG_CXX_LANGUAGE_STANDARD = "gnu++14";
				CLANG_CXX_LIBRARY = "libc++";
				CLANG_ENABLE_MODULES = YES;
				CLANG_ENABLE_OBJC_ARC = YES;
				CLANG_ENABLE_OBJC_WEAK = YES;
				CLANG_WARN_BLOCK_CAPTURE_AUTORELEASING = YES;
				CLANG_WARN_BOOL_CONVERSION = YES;
				CLANG_WARN_COMMA = YES;
				CLANG_WARN_CONSTANT_CONVERSION = YES;
				CLANG_WARN_DEPRECATED_OBJC_IMPLEMENTATIONS = YES;
				CLANG_WARN_DIRECT_OBJC_ISA_USAGE = YES_ERROR;
				CLANG_WARN_DOCUMENTATION_COMMENTS = YES;
				CLANG_WARN_EMPTY_BODY = YES;
				CLANG_WARN_ENUM_CONVERSION = YES;
				CLANG_WARN_INFINITE_RECURSION = YES;
				CLANG_WARN_INT_CONVERSION = YES;
				CLANG_WARN_NON_LITERAL_NULL_CONVERSION = YES;
				CLANG_WARN_OBJC_IMPLICIT_RETAIN_SELF = YES;
				CLANG_WARN_OBJC_LITERAL_CONVERSION = YES;
				CLANG_WARN_OBJC_ROOT_CLASS = YES_ERROR;
				CLANG_WARN_QUOTED_INCLUDE_IN_FRAMEWORK_HEADER = YES;
				CLANG_WARN_RANGE_LOOP_ANALYSIS = YES;
				CLANG_WARN_STRICT_PROTOTYPES = YES;
				CLANG_WARN_SUSPICIOUS_MOVE = YES;
				CLANG_WARN_UNGUARDED_AVAILABILITY = YES_AGGRESSIVE;
				CLANG_WARN_UNREACHABLE_CODE = YES;
				CLANG_WARN__DUPLICATE_METHOD_MATCH = YES;
				COPY_PHASE_STRIP = NO;
				DEBUG_INFORMATION_FORMAT = dwarf;
				ENABLE_STRICT_OBJC_MSGSEND = YES;
				ENABLE_TESTABILITY = YES;
				GCC_C_LANGUAGE_STANDARD = gnu11;
				GCC_DYNAMIC_NO_PIC = NO;
				GCC_NO_COMMON_BLOCKS = YES;
				GCC_OPTIMIZATION_LEVEL = 0;
				GCC_PREPROCESSOR_DEFINITIONS = (
					"DEBUG=1",
					"$(inherited)",
				);
				GCC_WARN_64_TO_32_BIT_CONVERSION = YES;
				GCC_WARN_ABOUT_RETURN_TYPE = YES_ERROR;
				GCC_WARN_UNDECLARED_SELECTOR = YES;
				GCC_WARN_UNINITIALIZED_AUTOS = YES_AGGRESSIVE;
				GCC_WARN_UNUSED_FUNCTION = YES;
				GCC_WARN_UNUSED_VARIABLE = YES;
				IPHONEOS_DEPLOYMENT_TARGET = 14.4;
				MTL_ENABLE_DEBUG_INFO = INCLUDE_SOURCE;
				MTL_FAST_MATH = YES;
				ONLY_ACTIVE_ARCH = YES;
				SDKROOT = iphoneos;
				SWIFT_ACTIVE_COMPILATION_CONDITIONS = DEBUG;
				SWIFT_OPTIMIZATION_LEVEL = "-Onone";
			};
			name = Debug;
		};
		1DA6109025D6AF7E00D9FB66 /* Release */ = {
			isa = XCBuildConfiguration;
			buildSettings = {
				ALWAYS_SEARCH_USER_PATHS = NO;
				CLANG_ANALYZER_NONNULL = YES;
				CLANG_ANALYZER_NUMBER_OBJECT_CONVERSION = YES_AGGRESSIVE;
				CLANG_CXX_LANGUAGE_STANDARD = "gnu++14";
				CLANG_CXX_LIBRARY = "libc++";
				CLANG_ENABLE_MODULES = YES;
				CLANG_ENABLE_OBJC_ARC = YES;
				CLANG_ENABLE_OBJC_WEAK = YES;
				CLANG_WARN_BLOCK_CAPTURE_AUTORELEASING = YES;
				CLANG_WARN_BOOL_CONVERSION = YES;
				CLANG_WARN_COMMA = YES;
				CLANG_WARN_CONSTANT_CONVERSION = YES;
				CLANG_WARN_DEPRECATED_OBJC_IMPLEMENTATIONS = YES;
				CLANG_WARN_DIRECT_OBJC_ISA_USAGE = YES_ERROR;
				CLANG_WARN_DOCUMENTATION_COMMENTS = YES;
				CLANG_WARN_EMPTY_BODY = YES;
				CLANG_WARN_ENUM_CONVERSION = YES;
				CLANG_WARN_INFINITE_RECURSION = YES;
				CLANG_WARN_INT_CONVERSION = YES;
				CLANG_WARN_NON_LITERAL_NULL_CONVERSION = YES;
				CLANG_WARN_OBJC_IMPLICIT_RETAIN_SELF = YES;
				CLANG_WARN_OBJC_LITERAL_CONVERSION = YES;
				CLANG_WARN_OBJC_ROOT_CLASS = YES_ERROR;
				CLANG_WARN_QUOTED_INCLUDE_IN_FRAMEWORK_HEADER = YES;
				CLANG_WARN_RANGE_LOOP_ANALYSIS = YES;
				CLANG_WARN_STRICT_PROTOTYPES = YES;
				CLANG_WARN_SUSPICIOUS_MOVE = YES;
				CLANG_WARN_UNGUARDED_AVAILABILITY = YES_AGGRESSIVE;
				CLANG_WARN_UNREACHABLE_CODE = YES;
				CLANG_WARN__DUPLICATE_METHOD_MATCH = YES;
				COPY_PHASE_STRIP = NO;
				DEBUG_INFORMATION_FORMAT = "dwarf-with-dsym";
				ENABLE_NS_ASSERTIONS = NO;
				ENABLE_STRICT_OBJC_MSGSEND = YES;
				GCC_C_LANGUAGE_STANDARD = gnu11;
				GCC_NO_COMMON_BLOCKS = YES;
				GCC_WARN_64_TO_32_BIT_CONVERSION = YES;
				GCC_WARN_ABOUT_RETURN_TYPE = YES_ERROR;
				GCC_WARN_UNDECLARED_SELECTOR = YES;
				GCC_WARN_UNINITIALIZED_AUTOS = YES_AGGRESSIVE;
				GCC_WARN_UNUSED_FUNCTION = YES;
				GCC_WARN_UNUSED_VARIABLE = YES;
				IPHONEOS_DEPLOYMENT_TARGET = 14.4;
				MTL_ENABLE_DEBUG_INFO = NO;
				MTL_FAST_MATH = YES;
				SDKROOT = iphoneos;
				SWIFT_COMPILATION_MODE = wholemodule;
				SWIFT_OPTIMIZATION_LEVEL = "-O";
				VALIDATE_PRODUCT = YES;
			};
			name = Release;
		};
		1DA6109225D6AF7E00D9FB66 /* Debug */ = {
			isa = XCBuildConfiguration;
			buildSettings = {
				ALWAYS_EMBED_SWIFT_STANDARD_LIBRARIES = YES;
				ASSETCATALOG_COMPILER_APPICON_NAME = AppIcon;
				ASSETCATALOG_COMPILER_GLOBAL_ACCENT_COLOR_NAME = AccentColor;
				CODE_SIGN_STYLE = Automatic;
				DEVELOPMENT_TEAM = 5HZQ3M82FA;
				INFOPLIST_FILE = "Emojy Dictionary/Info.plist";
				LD_RUNPATH_SEARCH_PATHS = (
					"$(inherited)",
					"@executable_path/Frameworks",
				);
				PRODUCT_BUNDLE_IDENTIFIER = "com.seunghun.Emojy-Dictionary";
				PRODUCT_NAME = "$(TARGET_NAME)";
				SWIFT_VERSION = 5.0;
				TARGETED_DEVICE_FAMILY = "1,2";
			};
			name = Debug;
		};
		1DA6109325D6AF7E00D9FB66 /* Release */ = {
			isa = XCBuildConfiguration;
			buildSettings = {
				ALWAYS_EMBED_SWIFT_STANDARD_LIBRARIES = YES;
				ASSETCATALOG_COMPILER_APPICON_NAME = AppIcon;
				ASSETCATALOG_COMPILER_GLOBAL_ACCENT_COLOR_NAME = AccentColor;
				CODE_SIGN_STYLE = Automatic;
				DEVELOPMENT_TEAM = 5HZQ3M82FA;
				INFOPLIST_FILE = "Emojy Dictionary/Info.plist";
				LD_RUNPATH_SEARCH_PATHS = (
					"$(inherited)",
					"@executable_path/Frameworks",
				);
				PRODUCT_BUNDLE_IDENTIFIER = "com.seunghun.Emojy-Dictionary";
				PRODUCT_NAME = "$(TARGET_NAME)";
				SWIFT_VERSION = 5.0;
				TARGETED_DEVICE_FAMILY = "1,2";
			};
			name = Release;
		};
		1DC4A2CE25E39FA900B4F664 /* Debug */ = {
			isa = XCBuildConfiguration;
			buildSettings = {
				ASSETCATALOG_COMPILER_GLOBAL_ACCENT_COLOR_NAME = AccentColor;
				ASSETCATALOG_COMPILER_WIDGET_BACKGROUND_COLOR_NAME = WidgetBackground;
				CODE_SIGN_STYLE = Automatic;
				DEVELOPMENT_TEAM = 5HZQ3M82FA;
				INFOPLIST_FILE = EmojiWidget/Info.plist;
				LD_RUNPATH_SEARCH_PATHS = (
					"$(inherited)",
					"@executable_path/Frameworks",
					"@executable_path/../../Frameworks",
				);
				PRODUCT_BUNDLE_IDENTIFIER = "com.seunghun.Emojy-Dictionary.EmojiWidget";
				PRODUCT_NAME = "$(TARGET_NAME)";
				SKIP_INSTALL = YES;
				SWIFT_VERSION = 5.0;
				TARGETED_DEVICE_FAMILY = "1,2";
			};
			name = Debug;
		};
		1DC4A2CF25E39FA900B4F664 /* Release */ = {
			isa = XCBuildConfiguration;
			buildSettings = {
				ASSETCATALOG_COMPILER_GLOBAL_ACCENT_COLOR_NAME = AccentColor;
				ASSETCATALOG_COMPILER_WIDGET_BACKGROUND_COLOR_NAME = WidgetBackground;
				CODE_SIGN_STYLE = Automatic;
				DEVELOPMENT_TEAM = 5HZQ3M82FA;
				INFOPLIST_FILE = EmojiWidget/Info.plist;
				LD_RUNPATH_SEARCH_PATHS = (
					"$(inherited)",
					"@executable_path/Frameworks",
					"@executable_path/../../Frameworks",
				);
				PRODUCT_BUNDLE_IDENTIFIER = "com.seunghun.Emojy-Dictionary.EmojiWidget";
				PRODUCT_NAME = "$(TARGET_NAME)";
				SKIP_INSTALL = YES;
				SWIFT_VERSION = 5.0;
				TARGETED_DEVICE_FAMILY = "1,2";
			};
			name = Release;
		};
		1DE7565F25E4E1D3007F853A /* Debug */ = {
			isa = XCBuildConfiguration;
			buildSettings = {
				ASSETCATALOG_COMPILER_APPICON_NAME = AppIcon;
				ASSETCATALOG_COMPILER_GLOBAL_ACCENT_COLOR_NAME = AccentColor;
				CODE_SIGN_ENTITLEMENTS = EmojiClip/EmojiClip.entitlements;
				CODE_SIGN_STYLE = Automatic;
				DEVELOPMENT_TEAM = 5HZQ3M82FA;
				INFOPLIST_FILE = EmojiClip/Info.plist;
				LD_RUNPATH_SEARCH_PATHS = (
					"$(inherited)",
					"@executable_path/Frameworks",
				);
				PRODUCT_BUNDLE_IDENTIFIER = "com.seunghun.Emojy-Dictionary.Clip";
				PRODUCT_NAME = "$(TARGET_NAME)";
				SWIFT_VERSION = 5.0;
				TARGETED_DEVICE_FAMILY = "1,2";
			};
			name = Debug;
		};
		1DE7566025E4E1D3007F853A /* Release */ = {
			isa = XCBuildConfiguration;
			buildSettings = {
				ASSETCATALOG_COMPILER_APPICON_NAME = AppIcon;
				ASSETCATALOG_COMPILER_GLOBAL_ACCENT_COLOR_NAME = AccentColor;
				CODE_SIGN_ENTITLEMENTS = EmojiClip/EmojiClip.entitlements;
				CODE_SIGN_STYLE = Automatic;
				DEVELOPMENT_TEAM = 5HZQ3M82FA;
				INFOPLIST_FILE = EmojiClip/Info.plist;
				LD_RUNPATH_SEARCH_PATHS = (
					"$(inherited)",
					"@executable_path/Frameworks",
				);
				PRODUCT_BUNDLE_IDENTIFIER = "com.seunghun.Emojy-Dictionary.Clip";
				PRODUCT_NAME = "$(TARGET_NAME)";
				SWIFT_VERSION = 5.0;
				TARGETED_DEVICE_FAMILY = "1,2";
			};
			name = Release;
		};
/* End XCBuildConfiguration section */

/* Begin XCConfigurationList section */
		1DA6107825D6AF7C00D9FB66 /* Build configuration list for PBXProject "Emojy Dictionary" */ = {
			isa = XCConfigurationList;
			buildConfigurations = (
				1DA6108F25D6AF7E00D9FB66 /* Debug */,
				1DA6109025D6AF7E00D9FB66 /* Release */,
			);
			defaultConfigurationIsVisible = 0;
			defaultConfigurationName = Release;
		};
		1DA6109125D6AF7E00D9FB66 /* Build configuration list for PBXNativeTarget "Emojy Dictionary" */ = {
			isa = XCConfigurationList;
			buildConfigurations = (
				1DA6109225D6AF7E00D9FB66 /* Debug */,
				1DA6109325D6AF7E00D9FB66 /* Release */,
			);
			defaultConfigurationIsVisible = 0;
			defaultConfigurationName = Release;
		};
		1DC4A2D025E39FA900B4F664 /* Build configuration list for PBXNativeTarget "EmojiWidgetExtension" */ = {
			isa = XCConfigurationList;
			buildConfigurations = (
				1DC4A2CE25E39FA900B4F664 /* Debug */,
				1DC4A2CF25E39FA900B4F664 /* Release */,
			);
			defaultConfigurationIsVisible = 0;
			defaultConfigurationName = Release;
		};
		1DE7566125E4E1D3007F853A /* Build configuration list for PBXNativeTarget "EmojiClip" */ = {
			isa = XCConfigurationList;
			buildConfigurations = (
				1DE7565F25E4E1D3007F853A /* Debug */,
				1DE7566025E4E1D3007F853A /* Release */,
			);
			defaultConfigurationIsVisible = 0;
			defaultConfigurationName = Release;
		};
/* End XCConfigurationList section */
	};
	rootObject = 1DA6107525D6AF7C00D9FB66 /* Project object */;
}
